// !$*UTF8*$!
{
	archiveVersion = 1;
	classes = {
	};
	objectVersion = 56;
	objects = {

/* Begin PBXBuildFile section */
		D1DC628929A70538007E9BB1 /* AppDelegate.swift in Sources */ = {isa = PBXBuildFile; fileRef = D1DC628829A70538007E9BB1 /* AppDelegate.swift */; };
		D1DC628B29A70538007E9BB1 /* SceneDelegate.swift in Sources */ = {isa = PBXBuildFile; fileRef = D1DC628A29A70538007E9BB1 /* SceneDelegate.swift */; };
		D1DC628D29A70538007E9BB1 /* ViewController.swift in Sources */ = {isa = PBXBuildFile; fileRef = D1DC628C29A70538007E9BB1 /* ViewController.swift */; };
		D1DC629029A70538007E9BB1 /* Main.storyboard in Resources */ = {isa = PBXBuildFile; fileRef = D1DC628E29A70538007E9BB1 /* Main.storyboard */; };
		D1DC629329A70538007E9BB1 /* firebase_practice.xcdatamodeld in Sources */ = {isa = PBXBuildFile; fileRef = D1DC629129A70538007E9BB1 /* firebase_practice.xcdatamodeld */; };
		D1DC629529A7053F007E9BB1 /* Assets.xcassets in Resources */ = {isa = PBXBuildFile; fileRef = D1DC629429A7053F007E9BB1 /* Assets.xcassets */; };
		D1DC629829A7053F007E9BB1 /* LaunchScreen.storyboard in Resources */ = {isa = PBXBuildFile; fileRef = D1DC629629A7053F007E9BB1 /* LaunchScreen.storyboard */; };
		D1DC62A329A70540007E9BB1 /* firebase_practiceTests.swift in Sources */ = {isa = PBXBuildFile; fileRef = D1DC62A229A70540007E9BB1 /* firebase_practiceTests.swift */; };
		D1DC62AD29A70540007E9BB1 /* firebase_practiceUITests.swift in Sources */ = {isa = PBXBuildFile; fileRef = D1DC62AC29A70540007E9BB1 /* firebase_practiceUITests.swift */; };
		D1DC62AF29A70540007E9BB1 /* firebase_practiceUITestsLaunchTests.swift in Sources */ = {isa = PBXBuildFile; fileRef = D1DC62AE29A70540007E9BB1 /* firebase_practiceUITestsLaunchTests.swift */; };
/* End PBXBuildFile section */

/* Begin PBXContainerItemProxy section */
		D1DC629F29A70540007E9BB1 /* PBXContainerItemProxy */ = {
			isa = PBXContainerItemProxy;
			containerPortal = D1DC627D29A70538007E9BB1 /* Project object */;
			proxyType = 1;
			remoteGlobalIDString = D1DC628429A70538007E9BB1;
			remoteInfo = firebase_practice;
		};
		D1DC62A929A70540007E9BB1 /* PBXContainerItemProxy */ = {
			isa = PBXContainerItemProxy;
			containerPortal = D1DC627D29A70538007E9BB1 /* Project object */;
			proxyType = 1;
			remoteGlobalIDString = D1DC628429A70538007E9BB1;
			remoteInfo = firebase_practice;
		};
/* End PBXContainerItemProxy section */

/* Begin PBXFileReference section */
		D1DC628529A70538007E9BB1 /* firebase_practice.app */ = {isa = PBXFileReference; explicitFileType = wrapper.application; includeInIndex = 0; path = firebase_practice.app; sourceTree = BUILT_PRODUCTS_DIR; };
		D1DC628829A70538007E9BB1 /* AppDelegate.swift */ = {isa = PBXFileReference; lastKnownFileType = sourcecode.swift; path = AppDelegate.swift; sourceTree = "<group>"; };
		D1DC628A29A70538007E9BB1 /* SceneDelegate.swift */ = {isa = PBXFileReference; lastKnownFileType = sourcecode.swift; path = SceneDelegate.swift; sourceTree = "<group>"; };
		D1DC628C29A70538007E9BB1 /* ViewController.swift */ = {isa = PBXFileReference; lastKnownFileType = sourcecode.swift; path = ViewController.swift; sourceTree = "<group>"; };
		D1DC628F29A70538007E9BB1 /* Base */ = {isa = PBXFileReference; lastKnownFileType = file.storyboard; name = Base; path = Base.lproj/Main.storyboard; sourceTree = "<group>"; };
		D1DC629229A70538007E9BB1 /* firebase_practice.xcdatamodel */ = {isa = PBXFileReference; lastKnownFileType = wrapper.xcdatamodel; path = firebase_practice.xcdatamodel; sourceTree = "<group>"; };
		D1DC629429A7053F007E9BB1 /* Assets.xcassets */ = {isa = PBXFileReference; lastKnownFileType = folder.assetcatalog; path = Assets.xcassets; sourceTree = "<group>"; };
		D1DC629729A7053F007E9BB1 /* Base */ = {isa = PBXFileReference; lastKnownFileType = file.storyboard; name = Base; path = Base.lproj/LaunchScreen.storyboard; sourceTree = "<group>"; };
		D1DC629929A7053F007E9BB1 /* Info.plist */ = {isa = PBXFileReference; lastKnownFileType = text.plist.xml; path = Info.plist; sourceTree = "<group>"; };
		D1DC629E29A70540007E9BB1 /* firebase_practiceTests.xctest */ = {isa = PBXFileReference; explicitFileType = wrapper.cfbundle; includeInIndex = 0; path = firebase_practiceTests.xctest; sourceTree = BUILT_PRODUCTS_DIR; };
		D1DC62A229A70540007E9BB1 /* firebase_practiceTests.swift */ = {isa = PBXFileReference; lastKnownFileType = sourcecode.swift; path = firebase_practiceTests.swift; sourceTree = "<group>"; };
		D1DC62A829A70540007E9BB1 /* firebase_practiceUITests.xctest */ = {isa = PBXFileReference; explicitFileType = wrapper.cfbundle; includeInIndex = 0; path = firebase_practiceUITests.xctest; sourceTree = BUILT_PRODUCTS_DIR; };
		D1DC62AC29A70540007E9BB1 /* firebase_practiceUITests.swift */ = {isa = PBXFileReference; lastKnownFileType = sourcecode.swift; path = firebase_practiceUITests.swift; sourceTree = "<group>"; };
		D1DC62AE29A70540007E9BB1 /* firebase_practiceUITestsLaunchTests.swift */ = {isa = PBXFileReference; lastKnownFileType = sourcecode.swift; path = firebase_practiceUITestsLaunchTests.swift; sourceTree = "<group>"; };
/* End PBXFileReference section */

/* Begin PBXFrameworksBuildPhase section */
		D1DC628229A70538007E9BB1 /* Frameworks */ = {
			isa = PBXFrameworksBuildPhase;
			buildActionMask = 2147483647;
			files = (
			);
			runOnlyForDeploymentPostprocessing = 0;
		};
		D1DC629B29A70540007E9BB1 /* Frameworks */ = {
			isa = PBXFrameworksBuildPhase;
			buildActionMask = 2147483647;
			files = (
			);
			runOnlyForDeploymentPostprocessing = 0;
		};
		D1DC62A529A70540007E9BB1 /* Frameworks */ = {
			isa = PBXFrameworksBuildPhase;
			buildActionMask = 2147483647;
			files = (
			);
			runOnlyForDeploymentPostprocessing = 0;
		};
/* End PBXFrameworksBuildPhase section */

/* Begin PBXGroup section */
		D1DC627C29A70538007E9BB1 = {
			isa = PBXGroup;
			children = (
				D1DC628729A70538007E9BB1 /* firebase_practice */,
				D1DC62A129A70540007E9BB1 /* firebase_practiceTests */,
				D1DC62AB29A70540007E9BB1 /* firebase_practiceUITests */,
				D1DC628629A70538007E9BB1 /* Products */,
			);
			sourceTree = "<group>";
		};
		D1DC628629A70538007E9BB1 /* Products */ = {
			isa = PBXGroup;
			children = (
				D1DC628529A70538007E9BB1 /* firebase_practice.app */,
				D1DC629E29A70540007E9BB1 /* firebase_practiceTests.xctest */,
				D1DC62A829A70540007E9BB1 /* firebase_practiceUITests.xctest */,
			);
			name = Products;
			sourceTree = "<group>";
		};
		D1DC628729A70538007E9BB1 /* firebase_practice */ = {
			isa = PBXGroup;
			children = (
				D1DC628829A70538007E9BB1 /* AppDelegate.swift */,
				D1DC628A29A70538007E9BB1 /* SceneDelegate.swift */,
				D1DC628C29A70538007E9BB1 /* ViewController.swift */,
				D1DC628E29A70538007E9BB1 /* Main.storyboard */,
				D1DC629429A7053F007E9BB1 /* Assets.xcassets */,
				D1DC629629A7053F007E9BB1 /* LaunchScreen.storyboard */,
				D1DC629929A7053F007E9BB1 /* Info.plist */,
				D1DC629129A70538007E9BB1 /* firebase_practice.xcdatamodeld */,
			);
			path = firebase_practice;
			sourceTree = "<group>";
		};
		D1DC62A129A70540007E9BB1 /* firebase_practiceTests */ = {
			isa = PBXGroup;
			children = (
				D1DC62A229A70540007E9BB1 /* firebase_practiceTests.swift */,
			);
			path = firebase_practiceTests;
			sourceTree = "<group>";
		};
		D1DC62AB29A70540007E9BB1 /* firebase_practiceUITests */ = {
			isa = PBXGroup;
			children = (
				D1DC62AC29A70540007E9BB1 /* firebase_practiceUITests.swift */,
				D1DC62AE29A70540007E9BB1 /* firebase_practiceUITestsLaunchTests.swift */,
			);
			path = firebase_practiceUITests;
			sourceTree = "<group>";
		};
/* End PBXGroup section */

/* Begin PBXNativeTarget section */
		D1DC628429A70538007E9BB1 /* firebase_practice */ = {
			isa = PBXNativeTarget;
			buildConfigurationList = D1DC62B229A70540007E9BB1 /* Build configuration list for PBXNativeTarget "firebase_practice" */;
			buildPhases = (
				D1DC628129A70538007E9BB1 /* Sources */,
				D1DC628229A70538007E9BB1 /* Frameworks */,
				D1DC628329A70538007E9BB1 /* Resources */,
			);
			buildRules = (
			);
			dependencies = (
			);
			name = firebase_practice;
			productName = firebase_practice;
			productReference = D1DC628529A70538007E9BB1 /* firebase_practice.app */;
			productType = "com.apple.product-type.application";
		};
		D1DC629D29A70540007E9BB1 /* firebase_practiceTests */ = {
			isa = PBXNativeTarget;
			buildConfigurationList = D1DC62B529A70540007E9BB1 /* Build configuration list for PBXNativeTarget "firebase_practiceTests" */;
			buildPhases = (
				D1DC629A29A70540007E9BB1 /* Sources */,
				D1DC629B29A70540007E9BB1 /* Frameworks */,
				D1DC629C29A70540007E9BB1 /* Resources */,
			);
			buildRules = (
			);
			dependencies = (
				D1DC62A029A70540007E9BB1 /* PBXTargetDependency */,
			);
			name = firebase_practiceTests;
			productName = firebase_practiceTests;
			productReference = D1DC629E29A70540007E9BB1 /* firebase_practiceTests.xctest */;
			productType = "com.apple.product-type.bundle.unit-test";
		};
		D1DC62A729A70540007E9BB1 /* firebase_practiceUITests */ = {
			isa = PBXNativeTarget;
			buildConfigurationList = D1DC62B829A70540007E9BB1 /* Build configuration list for PBXNativeTarget "firebase_practiceUITests" */;
			buildPhases = (
				D1DC62A429A70540007E9BB1 /* Sources */,
				D1DC62A529A70540007E9BB1 /* Frameworks */,
				D1DC62A629A70540007E9BB1 /* Resources */,
			);
			buildRules = (
			);
			dependencies = (
				D1DC62AA29A70540007E9BB1 /* PBXTargetDependency */,
			);
			name = firebase_practiceUITests;
			productName = firebase_practiceUITests;
			productReference = D1DC62A829A70540007E9BB1 /* firebase_practiceUITests.xctest */;
			productType = "com.apple.product-type.bundle.ui-testing";
		};
/* End PBXNativeTarget section */

/* Begin PBXProject section */
		D1DC627D29A70538007E9BB1 /* Project object */ = {
			isa = PBXProject;
			attributes = {
				BuildIndependentTargetsInParallel = 1;
				LastSwiftUpdateCheck = 1420;
				LastUpgradeCheck = 1420;
				TargetAttributes = {
					D1DC628429A70538007E9BB1 = {
						CreatedOnToolsVersion = 14.2;
					};
					D1DC629D29A70540007E9BB1 = {
						CreatedOnToolsVersion = 14.2;
						TestTargetID = D1DC628429A70538007E9BB1;
					};
					D1DC62A729A70540007E9BB1 = {
						CreatedOnToolsVersion = 14.2;
						TestTargetID = D1DC628429A70538007E9BB1;
					};
				};
			};
			buildConfigurationList = D1DC628029A70538007E9BB1 /* Build configuration list for PBXProject "firebase_practice" */;
			compatibilityVersion = "Xcode 14.0";
			developmentRegion = en;
			hasScannedForEncodings = 0;
			knownRegions = (
				en,
				Base,
			);
			mainGroup = D1DC627C29A70538007E9BB1;
			productRefGroup = D1DC628629A70538007E9BB1 /* Products */;
			projectDirPath = "";
			projectRoot = "";
			targets = (
				D1DC628429A70538007E9BB1 /* firebase_practice */,
				D1DC629D29A70540007E9BB1 /* firebase_practiceTests */,
				D1DC62A729A70540007E9BB1 /* firebase_practiceUITests */,
			);
		};
/* End PBXProject section */

/* Begin PBXResourcesBuildPhase section */
		D1DC628329A70538007E9BB1 /* Resources */ = {
			isa = PBXResourcesBuildPhase;
			buildActionMask = 2147483647;
			files = (
				D1DC629829A7053F007E9BB1 /* LaunchScreen.storyboard in Resources */,
				D1DC629529A7053F007E9BB1 /* Assets.xcassets in Resources */,
				D1DC629029A70538007E9BB1 /* Main.storyboard in Resources */,
			);
			runOnlyForDeploymentPostprocessing = 0;
		};
		D1DC629C29A70540007E9BB1 /* Resources */ = {
			isa = PBXResourcesBuildPhase;
			buildActionMask = 2147483647;
			files = (
			);
			runOnlyForDeploymentPostprocessing = 0;
		};
		D1DC62A629A70540007E9BB1 /* Resources */ = {
			isa = PBXResourcesBuildPhase;
			buildActionMask = 2147483647;
			files = (
			);
			runOnlyForDeploymentPostprocessing = 0;
		};
/* End PBXResourcesBuildPhase section */

/* Begin PBXSourcesBuildPhase section */
		D1DC628129A70538007E9BB1 /* Sources */ = {
			isa = PBXSourcesBuildPhase;
			buildActionMask = 2147483647;
			files = (
				D1DC628D29A70538007E9BB1 /* ViewController.swift in Sources */,
				D1DC629329A70538007E9BB1 /* firebase_practice.xcdatamodeld in Sources */,
				D1DC628929A70538007E9BB1 /* AppDelegate.swift in Sources */,
				D1DC628B29A70538007E9BB1 /* SceneDelegate.swift in Sources */,
			);
			runOnlyForDeploymentPostprocessing = 0;
		};
		D1DC629A29A70540007E9BB1 /* Sources */ = {
			isa = PBXSourcesBuildPhase;
			buildActionMask = 2147483647;
			files = (
				D1DC62A329A70540007E9BB1 /* firebase_practiceTests.swift in Sources */,
			);
			runOnlyForDeploymentPostprocessing = 0;
		};
		D1DC62A429A70540007E9BB1 /* Sources */ = {
			isa = PBXSourcesBuildPhase;
			buildActionMask = 2147483647;
			files = (
				D1DC62AF29A70540007E9BB1 /* firebase_practiceUITestsLaunchTests.swift in Sources */,
				D1DC62AD29A70540007E9BB1 /* firebase_practiceUITests.swift in Sources */,
			);
			runOnlyForDeploymentPostprocessing = 0;
		};
/* End PBXSourcesBuildPhase section */

/* Begin PBXTargetDependency section */
		D1DC62A029A70540007E9BB1 /* PBXTargetDependency */ = {
			isa = PBXTargetDependency;
			target = D1DC628429A70538007E9BB1 /* firebase_practice */;
			targetProxy = D1DC629F29A70540007E9BB1 /* PBXContainerItemProxy */;
		};
		D1DC62AA29A70540007E9BB1 /* PBXTargetDependency */ = {
			isa = PBXTargetDependency;
			target = D1DC628429A70538007E9BB1 /* firebase_practice */;
			targetProxy = D1DC62A929A70540007E9BB1 /* PBXContainerItemProxy */;
		};
/* End PBXTargetDependency section */

/* Begin PBXVariantGroup section */
		D1DC628E29A70538007E9BB1 /* Main.storyboard */ = {
			isa = PBXVariantGroup;
			children = (
				D1DC628F29A70538007E9BB1 /* Base */,
			);
			name = Main.storyboard;
			sourceTree = "<group>";
		};
		D1DC629629A7053F007E9BB1 /* LaunchScreen.storyboard */ = {
			isa = PBXVariantGroup;
			children = (
				D1DC629729A7053F007E9BB1 /* Base */,
			);
			name = LaunchScreen.storyboard;
			sourceTree = "<group>";
		};
/* End PBXVariantGroup section */

/* Begin XCBuildConfiguration section */
		D1DC62B029A70540007E9BB1 /* Debug */ = {
			isa = XCBuildConfiguration;
			buildSettings = {
				ALWAYS_SEARCH_USER_PATHS = NO;
				CLANG_ANALYZER_NONNULL = YES;
				CLANG_ANALYZER_NUMBER_OBJECT_CONVERSION = YES_AGGRESSIVE;
				CLANG_CXX_LANGUAGE_STANDARD = "gnu++20";
				CLANG_ENABLE_MODULES = YES;
				CLANG_ENABLE_OBJC_ARC = YES;
				CLANG_ENABLE_OBJC_WEAK = YES;
				CLANG_WARN_BLOCK_CAPTURE_AUTORELEASING = YES;
				CLANG_WARN_BOOL_CONVERSION = YES;
				CLANG_WARN_COMMA = YES;
				CLANG_WARN_CONSTANT_CONVERSION = YES;
				CLANG_WARN_DEPRECATED_OBJC_IMPLEMENTATIONS = YES;
				CLANG_WARN_DIRECT_OBJC_ISA_USAGE = YES_ERROR;
				CLANG_WARN_DOCUMENTATION_COMMENTS = YES;
				CLANG_WARN_EMPTY_BODY = YES;
				CLANG_WARN_ENUM_CONVERSION = YES;
				CLANG_WARN_INFINITE_RECURSION = YES;
				CLANG_WARN_INT_CONVERSION = YES;
				CLANG_WARN_NON_LITERAL_NULL_CONVERSION = YES;
				CLANG_WARN_OBJC_IMPLICIT_RETAIN_SELF = YES;
				CLANG_WARN_OBJC_LITERAL_CONVERSION = YES;
				CLANG_WARN_OBJC_ROOT_CLASS = YES_ERROR;
				CLANG_WARN_QUOTED_INCLUDE_IN_FRAMEWORK_HEADER = YES;
				CLANG_WARN_RANGE_LOOP_ANALYSIS = YES;
				CLANG_WARN_STRICT_PROTOTYPES = YES;
				CLANG_WARN_SUSPICIOUS_MOVE = YES;
				CLANG_WARN_UNGUARDED_AVAILABILITY = YES_AGGRESSIVE;
				CLANG_WARN_UNREACHABLE_CODE = YES;
				CLANG_WARN__DUPLICATE_METHOD_MATCH = YES;
				COPY_PHASE_STRIP = NO;
				DEBUG_INFORMATION_FORMAT = dwarf;
				ENABLE_STRICT_OBJC_MSGSEND = YES;
				ENABLE_TESTABILITY = YES;
				GCC_C_LANGUAGE_STANDARD = gnu11;
				GCC_DYNAMIC_NO_PIC = NO;
				GCC_NO_COMMON_BLOCKS = YES;
				GCC_OPTIMIZATION_LEVEL = 0;
				GCC_PREPROCESSOR_DEFINITIONS = (
					"DEBUG=1",
					"$(inherited)",
				);
				GCC_WARN_64_TO_32_BIT_CONVERSION = YES;
				GCC_WARN_ABOUT_RETURN_TYPE = YES_ERROR;
				GCC_WARN_UNDECLARED_SELECTOR = YES;
				GCC_WARN_UNINITIALIZED_AUTOS = YES_AGGRESSIVE;
				GCC_WARN_UNUSED_FUNCTION = YES;
				GCC_WARN_UNUSED_VARIABLE = YES;
				IPHONEOS_DEPLOYMENT_TARGET = 16.2;
				MTL_ENABLE_DEBUG_INFO = INCLUDE_SOURCE;
				MTL_FAST_MATH = YES;
				ONLY_ACTIVE_ARCH = YES;
				SDKROOT = iphoneos;
				SWIFT_ACTIVE_COMPILATION_CONDITIONS = DEBUG;
				SWIFT_OPTIMIZATION_LEVEL = "-Onone";
			};
			name = Debug;
		};
		D1DC62B129A70540007E9BB1 /* Release */ = {
			isa = XCBuildConfiguration;
			buildSettings = {
				ALWAYS_SEARCH_USER_PATHS = NO;
				CLANG_ANALYZER_NONNULL = YES;
				CLANG_ANALYZER_NUMBER_OBJECT_CONVERSION = YES_AGGRESSIVE;
				CLANG_CXX_LANGUAGE_STANDARD = "gnu++20";
				CLANG_ENABLE_MODULES = YES;
				CLANG_ENABLE_OBJC_ARC = YES;
				CLANG_ENABLE_OBJC_WEAK = YES;
				CLANG_WARN_BLOCK_CAPTURE_AUTORELEASING = YES;
				CLANG_WARN_BOOL_CONVERSION = YES;
				CLANG_WARN_COMMA = YES;
				CLANG_WARN_CONSTANT_CONVERSION = YES;
				CLANG_WARN_DEPRECATED_OBJC_IMPLEMENTATIONS = YES;
				CLANG_WARN_DIRECT_OBJC_ISA_USAGE = YES_ERROR;
				CLANG_WARN_DOCUMENTATION_COMMENTS = YES;
				CLANG_WARN_EMPTY_BODY = YES;
				CLANG_WARN_ENUM_CONVERSION = YES;
				CLANG_WARN_INFINITE_RECURSION = YES;
				CLANG_WARN_INT_CONVERSION = YES;
				CLANG_WARN_NON_LITERAL_NULL_CONVERSION = YES;
				CLANG_WARN_OBJC_IMPLICIT_RETAIN_SELF = YES;
				CLANG_WARN_OBJC_LITERAL_CONVERSION = YES;
				CLANG_WARN_OBJC_ROOT_CLASS = YES_ERROR;
				CLANG_WARN_QUOTED_INCLUDE_IN_FRAMEWORK_HEADER = YES;
				CLANG_WARN_RANGE_LOOP_ANALYSIS = YES;
				CLANG_WARN_STRICT_PROTOTYPES = YES;
				CLANG_WARN_SUSPICIOUS_MOVE = YES;
				CLANG_WARN_UNGUARDED_AVAILABILITY = YES_AGGRESSIVE;
				CLANG_WARN_UNREACHABLE_CODE = YES;
				CLANG_WARN__DUPLICATE_METHOD_MATCH = YES;
				COPY_PHASE_STRIP = NO;
				DEBUG_INFORMATION_FORMAT = "dwarf-with-dsym";
				ENABLE_NS_ASSERTIONS = NO;
				ENABLE_STRICT_OBJC_MSGSEND = YES;
				GCC_C_LANGUAGE_STANDARD = gnu11;
				GCC_NO_COMMON_BLOCKS = YES;
				GCC_WARN_64_TO_32_BIT_CONVERSION = YES;
				GCC_WARN_ABOUT_RETURN_TYPE = YES_ERROR;
				GCC_WARN_UNDECLARED_SELECTOR = YES;
				GCC_WARN_UNINITIALIZED_AUTOS = YES_AGGRESSIVE;
				GCC_WARN_UNUSED_FUNCTION = YES;
				GCC_WARN_UNUSED_VARIABLE = YES;
				IPHONEOS_DEPLOYMENT_TARGET = 16.2;
				MTL_ENABLE_DEBUG_INFO = NO;
				MTL_FAST_MATH = YES;
				SDKROOT = iphoneos;
				SWIFT_COMPILATION_MODE = wholemodule;
				SWIFT_OPTIMIZATION_LEVEL = "-O";
				VALIDATE_PRODUCT = YES;
			};
			name = Release;
		};
		D1DC62B329A70540007E9BB1 /* Debug */ = {
			isa = XCBuildConfiguration;
			buildSettings = {
				ASSETCATALOG_COMPILER_APPICON_NAME = AppIcon;
				ASSETCATALOG_COMPILER_GLOBAL_ACCENT_COLOR_NAME = AccentColor;
				CODE_SIGN_STYLE = Automatic;
				CURRENT_PROJECT_VERSION = 1;
				DEVELOPMENT_TEAM = VK2KVWWNDB;
				GENERATE_INFOPLIST_FILE = YES;
				INFOPLIST_FILE = firebase_practice/Info.plist;
				INFOPLIST_KEY_UIApplicationSupportsIndirectInputEvents = YES;
				INFOPLIST_KEY_UILaunchStoryboardName = LaunchScreen;
				INFOPLIST_KEY_UIMainStoryboardFile = Main;
				INFOPLIST_KEY_UISupportedInterfaceOrientations_iPad = "UIInterfaceOrientationPortrait UIInterfaceOrientationPortraitUpsideDown UIInterfaceOrientationLandscapeLeft UIInterfaceOrientationLandscapeRight";
				INFOPLIST_KEY_UISupportedInterfaceOrientations_iPhone = "UIInterfaceOrientationPortrait UIInterfaceOrientationLandscapeLeft UIInterfaceOrientationLandscapeRight";
				LD_RUNPATH_SEARCH_PATHS = (
					"$(inherited)",
					"@executable_path/Frameworks",
				);
				MARKETING_VERSION = 1.0;
				PRODUCT_BUNDLE_IDENTIFIER = "ysuzuki.firebase-practice";
				PRODUCT_NAME = "$(TARGET_NAME)";
				SWIFT_EMIT_LOC_STRINGS = YES;
				SWIFT_VERSION = 5.0;
				TARGETED_DEVICE_FAMILY = "1,2";
			};
			name = Debug;
		};
		D1DC62B429A70540007E9BB1 /* Release */ = {
			isa = XCBuildConfiguration;
			buildSettings = {
				ASSETCATALOG_COMPILER_APPICON_NAME = AppIcon;
				ASSETCATALOG_COMPILER_GLOBAL_ACCENT_COLOR_NAME = AccentColor;
				CODE_SIGN_STYLE = Automatic;
				CURRENT_PROJECT_VERSION = 1;
				DEVELOPMENT_TEAM = VK2KVWWNDB;
				GENERATE_INFOPLIST_FILE = YES;
				INFOPLIST_FILE = firebase_practice/Info.plist;
				INFOPLIST_KEY_UIApplicationSupportsIndirectInputEvents = YES;
				INFOPLIST_KEY_UILaunchStoryboardName = LaunchScreen;
				INFOPLIST_KEY_UIMainStoryboardFile = Main;
				INFOPLIST_KEY_UISupportedInterfaceOrientations_iPad = "UIInterfaceOrientationPortrait UIInterfaceOrientationPortraitUpsideDown UIInterfaceOrientationLandscapeLeft UIInterfaceOrientationLandscapeRight";
				INFOPLIST_KEY_UISupportedInterfaceOrientations_iPhone = "UIInterfaceOrientationPortrait UIInterfaceOrientationLandscapeLeft UIInterfaceOrientationLandscapeRight";
				LD_RUNPATH_SEARCH_PATHS = (
					"$(inherited)",
					"@executable_path/Frameworks",
				);
				MARKETING_VERSION = 1.0;
				PRODUCT_BUNDLE_IDENTIFIER = "ysuzuki.firebase-practice";
				PRODUCT_NAME = "$(TARGET_NAME)";
				SWIFT_EMIT_LOC_STRINGS = YES;
				SWIFT_VERSION = 5.0;
				TARGETED_DEVICE_FAMILY = "1,2";
			};
			name = Release;
		};
		D1DC62B629A70540007E9BB1 /* Debug */ = {
			isa = XCBuildConfiguration;
			buildSettings = {
				ALWAYS_EMBED_SWIFT_STANDARD_LIBRARIES = YES;
				BUNDLE_LOADER = "$(TEST_HOST)";
				CODE_SIGN_STYLE = Automatic;
				CURRENT_PROJECT_VERSION = 1;
				DEVELOPMENT_TEAM = VK2KVWWNDB;
				GENERATE_INFOPLIST_FILE = YES;
				IPHONEOS_DEPLOYMENT_TARGET = 16.2;
				MARKETING_VERSION = 1.0;
				PRODUCT_BUNDLE_IDENTIFIER = "ysuzuki.firebase-practiceTests";
				PRODUCT_NAME = "$(TARGET_NAME)";
				SWIFT_EMIT_LOC_STRINGS = NO;
				SWIFT_VERSION = 5.0;
				TARGETED_DEVICE_FAMILY = "1,2";
				TEST_HOST = "$(BUILT_PRODUCTS_DIR)/firebase_practice.app/$(BUNDLE_EXECUTABLE_FOLDER_PATH)/firebase_practice";
			};
			name = Debug;
		};
		D1DC62B729A70540007E9BB1 /* Release */ = {
			isa = XCBuildConfiguration;
			buildSettings = {
				ALWAYS_EMBED_SWIFT_STANDARD_LIBRARIES = YES;
				BUNDLE_LOADER = "$(TEST_HOST)";
				CODE_SIGN_STYLE = Automatic;
				CURRENT_PROJECT_VERSION = 1;
				DEVELOPMENT_TEAM = VK2KVWWNDB;
				GENERATE_INFOPLIST_FILE = YES;
				IPHONEOS_DEPLOYMENT_TARGET = 16.2;
				MARKETING_VERSION = 1.0;
				PRODUCT_BUNDLE_IDENTIFIER = "ysuzuki.firebase-practiceTests";
				PRODUCT_NAME = "$(TARGET_NAME)";
				SWIFT_EMIT_LOC_STRINGS = NO;
				SWIFT_VERSION = 5.0;
				TARGETED_DEVICE_FAMILY = "1,2";
				TEST_HOST = "$(BUILT_PRODUCTS_DIR)/firebase_practice.app/$(BUNDLE_EXECUTABLE_FOLDER_PATH)/firebase_practice";
			};
			name = Release;
		};
		D1DC62B929A70540007E9BB1 /* Debug */ = {
			isa = XCBuildConfiguration;
			buildSettings = {
				ALWAYS_EMBED_SWIFT_STANDARD_LIBRARIES = YES;
				CODE_SIGN_STYLE = Automatic;
				CURRENT_PROJECT_VERSION = 1;
				DEVELOPMENT_TEAM = VK2KVWWNDB;
				GENERATE_INFOPLIST_FILE = YES;
				MARKETING_VERSION = 1.0;
				PRODUCT_BUNDLE_IDENTIFIER = "ysuzuki.firebase-practiceUITests";
				PRODUCT_NAME = "$(TARGET_NAME)";
				SWIFT_EMIT_LOC_STRINGS = NO;
				SWIFT_VERSION = 5.0;
				TARGETED_DEVICE_FAMILY = "1,2";
				TEST_TARGET_NAME = firebase_practice;
			};
			name = Debug;
		};
		D1DC62BA29A70540007E9BB1 /* Release */ = {
			isa = XCBuildConfiguration;
			buildSettings = {
				ALWAYS_EMBED_SWIFT_STANDARD_LIBRARIES = YES;
				CODE_SIGN_STYLE = Automatic;
				CURRENT_PROJECT_VERSION = 1;
				DEVELOPMENT_TEAM = VK2KVWWNDB;
				GENERATE_INFOPLIST_FILE = YES;
				MARKETING_VERSION = 1.0;
				PRODUCT_BUNDLE_IDENTIFIER = "ysuzuki.firebase-practiceUITests";
				PRODUCT_NAME = "$(TARGET_NAME)";
				SWIFT_EMIT_LOC_STRINGS = NO;
				SWIFT_VERSION = 5.0;
				TARGETED_DEVICE_FAMILY = "1,2";
				TEST_TARGET_NAME = firebase_practice;
			};
			name = Release;
		};
/* End XCBuildConfiguration section */

/* Begin XCConfigurationList section */
		D1DC628029A70538007E9BB1 /* Build configuration list for PBXProject "firebase_practice" */ = {
			isa = XCConfigurationList;
			buildConfigurations = (
				D1DC62B029A70540007E9BB1 /* Debug */,
				D1DC62B129A70540007E9BB1 /* Release */,
			);
			defaultConfigurationIsVisible = 0;
			defaultConfigurationName = Release;
		};
		D1DC62B229A70540007E9BB1 /* Build configuration list for PBXNativeTarget "firebase_practice" */ = {
			isa = XCConfigurationList;
			buildConfigurations = (
				D1DC62B329A70540007E9BB1 /* Debug */,
				D1DC62B429A70540007E9BB1 /* Release */,
			);
			defaultConfigurationIsVisible = 0;
			defaultConfigurationName = Release;
		};
		D1DC62B529A70540007E9BB1 /* Build configuration list for PBXNativeTarget "firebase_practiceTests" */ = {
			isa = XCConfigurationList;
			buildConfigurations = (
				D1DC62B629A70540007E9BB1 /* Debug */,
				D1DC62B729A70540007E9BB1 /* Release */,
			);
			defaultConfigurationIsVisible = 0;
			defaultConfigurationName = Release;
		};
		D1DC62B829A70540007E9BB1 /* Build configuration list for PBXNativeTarget "firebase_practiceUITests" */ = {
			isa = XCConfigurationList;
			buildConfigurations = (
				D1DC62B929A70540007E9BB1 /* Debug */,
				D1DC62BA29A70540007E9BB1 /* Release */,
			);
			defaultConfigurationIsVisible = 0;
			defaultConfigurationName = Release;
		};
/* End XCConfigurationList section */

/* Begin XCVersionGroup section */
		D1DC629129A70538007E9BB1 /* firebase_practice.xcdatamodeld */ = {
			isa = XCVersionGroup;
			children = (
				D1DC629229A70538007E9BB1 /* firebase_practice.xcdatamodel */,
			);
			currentVersion = D1DC629229A70538007E9BB1 /* firebase_practice.xcdatamodel */;
			path = firebase_practice.xcdatamodeld;
			sourceTree = "<group>";
			versionGroupType = wrapper.xcdatamodel;
		};
/* End XCVersionGroup section */
	};
	rootObject = D1DC627D29A70538007E9BB1 /* Project object */;
}
